
Microsoft Visual Studio Solution File, Format Version 12.00
# Visual Studio 15
Project("{FAE04EC0-301F-11D3-BF4B-00C04F79EFBC}") = "Assembly-CSharp", "Assembly-CSharp.csproj", "{88F869EC-6E54-0E4E-6708-13C47F665946}"
EndProject
Project("{FAE04EC0-301F-11D3-BF4B-00C04F79EFBC}") = "Assembly-CSharp-Editor", "Assembly-CSharp-Editor.csproj", "{3F08DD1C-18AA-B54D-BF42-05D49E639D30}"
EndProject
Global
	GlobalSection(SolutionConfigurationPlatforms) = preSolution
		Debug|Any CPU = Debug|Any CPU
		Release|Any CPU = Release|Any CPU
	EndGlobalSection
	GlobalSection(ProjectConfigurationPlatforms) = postSolution
		{88F869EC-6E54-0E4E-6708-13C47F665946}.Debug|Any CPU.ActiveCfg = Debug|Any CPU
		{88F869EC-6E54-0E4E-6708-13C47F665946}.Debug|Any CPU.Build.0 = Debug|Any CPU
		{88F869EC-6E54-0E4E-6708-13C47F665946}.Release|Any CPU.ActiveCfg = Release|Any CPU
		{88F869EC-6E54-0E4E-6708-13C47F665946}.Release|Any CPU.Build.0 = Release|Any CPU
		{3F08DD1C-18AA-B54D-BF42-05D49E639D30}.Debug|Any CPU.ActiveCfg = Debug|Any CPU
		{3F08DD1C-18AA-B54D-BF42-05D49E639D30}.Debug|Any CPU.Build.0 = Debug|Any CPU
		{3F08DD1C-18AA-B54D-BF42-05D49E639D30}.Release|Any CPU.ActiveCfg = Release|Any CPU
		{3F08DD1C-18AA-B54D-BF42-05D49E639D30}.Release|Any CPU.Build.0 = Release|Any CPU
	EndGlobalSection
	GlobalSection(SolutionProperties) = preSolution
		HideSolutionNode = FALSE
	EndGlobalSection
EndGlobal
